// !$*UTF8*$!
{
	archiveVersion = 1;
	classes = {
	};
	objectVersion = 46;
	objects = {

/* Begin PBXBuildFile section */
		ADF624381AE5604100F94D51 /* AppDelegate.swift in Sources */ = {isa = PBXBuildFile; fileRef = ADF624371AE5604100F94D51 /* AppDelegate.swift */; };
		ADF6243A1AE5604100F94D51 /* ViewController.swift in Sources */ = {isa = PBXBuildFile; fileRef = ADF624391AE5604100F94D51 /* ViewController.swift */; };
		ADF6243D1AE5604100F94D51 /* Main.storyboard in Resources */ = {isa = PBXBuildFile; fileRef = ADF6243B1AE5604100F94D51 /* Main.storyboard */; };
		ADF6243F1AE5604100F94D51 /* Images.xcassets in Resources */ = {isa = PBXBuildFile; fileRef = ADF6243E1AE5604100F94D51 /* Images.xcassets */; };
		ADF624421AE5604100F94D51 /* LaunchScreen.xib in Resources */ = {isa = PBXBuildFile; fileRef = ADF624401AE5604100F94D51 /* LaunchScreen.xib */; };
		ADF6244E1AE5604100F94D51 /* LocateMe_SwiftTests.swift in Sources */ = {isa = PBXBuildFile; fileRef = ADF6244D1AE5604100F94D51 /* LocateMe_SwiftTests.swift */; };
/* End PBXBuildFile section */

/* Begin PBXContainerItemProxy section */
		ADF624481AE5604100F94D51 /* PBXContainerItemProxy */ = {
			isa = PBXContainerItemProxy;
			containerPortal = ADF6242A1AE5604100F94D51 /* Project object */;
			proxyType = 1;
			remoteGlobalIDString = ADF624311AE5604100F94D51;
			remoteInfo = LocateMe_Swift;
		};
/* End PBXContainerItemProxy section */

/* Begin PBXFileReference section */
		ADF624321AE5604100F94D51 /* LocateMe_Swift.app */ = {isa = PBXFileReference; explicitFileType = wrapper.application; includeInIndex = 0; path = LocateMe_Swift.app; sourceTree = BUILT_PRODUCTS_DIR; };
		ADF624361AE5604100F94D51 /* Info.plist */ = {isa = PBXFileReference; lastKnownFileType = text.plist.xml; path = Info.plist; sourceTree = "<group>"; };
		ADF624371AE5604100F94D51 /* AppDelegate.swift */ = {isa = PBXFileReference; lastKnownFileType = sourcecode.swift; path = AppDelegate.swift; sourceTree = "<group>"; };
		ADF624391AE5604100F94D51 /* ViewController.swift */ = {isa = PBXFileReference; lastKnownFileType = sourcecode.swift; path = ViewController.swift; sourceTree = "<group>"; };
		ADF6243C1AE5604100F94D51 /* Base */ = {isa = PBXFileReference; lastKnownFileType = file.storyboard; name = Base; path = Base.lproj/Main.storyboard; sourceTree = "<group>"; };
		ADF6243E1AE5604100F94D51 /* Images.xcassets */ = {isa = PBXFileReference; lastKnownFileType = folder.assetcatalog; path = Images.xcassets; sourceTree = "<group>"; };
		ADF624411AE5604100F94D51 /* Base */ = {isa = PBXFileReference; lastKnownFileType = file.xib; name = Base; path = Base.lproj/LaunchScreen.xib; sourceTree = "<group>"; };
		ADF624471AE5604100F94D51 /* LocateMe_SwiftTests.xctest */ = {isa = PBXFileReference; explicitFileType = wrapper.cfbundle; includeInIndex = 0; path = LocateMe_SwiftTests.xctest; sourceTree = BUILT_PRODUCTS_DIR; };
		ADF6244C1AE5604100F94D51 /* Info.plist */ = {isa = PBXFileReference; lastKnownFileType = text.plist.xml; path = Info.plist; sourceTree = "<group>"; };
		ADF6244D1AE5604100F94D51 /* LocateMe_SwiftTests.swift */ = {isa = PBXFileReference; lastKnownFileType = sourcecode.swift; path = LocateMe_SwiftTests.swift; sourceTree = "<group>"; };
/* End PBXFileReference section */

/* Begin PBXFrameworksBuildPhase section */
		ADF6242F1AE5604100F94D51 /* Frameworks */ = {
			isa = PBXFrameworksBuildPhase;
			buildActionMask = 2147483647;
			files = (
			);
			runOnlyForDeploymentPostprocessing = 0;
		};
		ADF624441AE5604100F94D51 /* Frameworks */ = {
			isa = PBXFrameworksBuildPhase;
			buildActionMask = 2147483647;
			files = (
			);
			runOnlyForDeploymentPostprocessing = 0;
		};
/* End PBXFrameworksBuildPhase section */

/* Begin PBXGroup section */
		ADF624291AE5604100F94D51 = {
			isa = PBXGroup;
			children = (
				ADF624341AE5604100F94D51 /* LocateMe_Swift */,
				ADF6244A1AE5604100F94D51 /* LocateMe_SwiftTests */,
				ADF624331AE5604100F94D51 /* Products */,
			);
			sourceTree = "<group>";
		};
		ADF624331AE5604100F94D51 /* Products */ = {
			isa = PBXGroup;
			children = (
				ADF624321AE5604100F94D51 /* LocateMe_Swift.app */,
				ADF624471AE5604100F94D51 /* LocateMe_SwiftTests.xctest */,
			);
			name = Products;
			sourceTree = "<group>";
		};
		ADF624341AE5604100F94D51 /* LocateMe_Swift */ = {
			isa = PBXGroup;
			children = (
				ADF624371AE5604100F94D51 /* AppDelegate.swift */,
				ADF624391AE5604100F94D51 /* ViewController.swift */,
				ADF6243B1AE5604100F94D51 /* Main.storyboard */,
				ADF6243E1AE5604100F94D51 /* Images.xcassets */,
				ADF624401AE5604100F94D51 /* LaunchScreen.xib */,
				ADF624351AE5604100F94D51 /* Supporting Files */,
			);
			path = LocateMe_Swift;
			sourceTree = "<group>";
		};
		ADF624351AE5604100F94D51 /* Supporting Files */ = {
			isa = PBXGroup;
			children = (
				ADF624361AE5604100F94D51 /* Info.plist */,
			);
			name = "Supporting Files";
			sourceTree = "<group>";
		};
		ADF6244A1AE5604100F94D51 /* LocateMe_SwiftTests */ = {
			isa = PBXGroup;
			children = (
				ADF6244D1AE5604100F94D51 /* LocateMe_SwiftTests.swift */,
				ADF6244B1AE5604100F94D51 /* Supporting Files */,
			);
			path = LocateMe_SwiftTests;
			sourceTree = "<group>";
		};
		ADF6244B1AE5604100F94D51 /* Supporting Files */ = {
			isa = PBXGroup;
			children = (
				ADF6244C1AE5604100F94D51 /* Info.plist */,
			);
			name = "Supporting Files";
			sourceTree = "<group>";
		};
/* End PBXGroup section */

/* Begin PBXNativeTarget section */
		ADF624311AE5604100F94D51 /* LocateMe_Swift */ = {
			isa = PBXNativeTarget;
			buildConfigurationList = ADF624511AE5604100F94D51 /* Build configuration list for PBXNativeTarget "LocateMe_Swift" */;
			buildPhases = (
				ADF6242E1AE5604100F94D51 /* Sources */,
				ADF6242F1AE5604100F94D51 /* Frameworks */,
				ADF624301AE5604100F94D51 /* Resources */,
			);
			buildRules = (
			);
			dependencies = (
			);
			name = LocateMe_Swift;
			productName = LocateMe_Swift;
			productReference = ADF624321AE5604100F94D51 /* LocateMe_Swift.app */;
			productType = "com.apple.product-type.application";
		};
		ADF624461AE5604100F94D51 /* LocateMe_SwiftTests */ = {
			isa = PBXNativeTarget;
			buildConfigurationList = ADF624541AE5604100F94D51 /* Build configuration list for PBXNativeTarget "LocateMe_SwiftTests" */;
			buildPhases = (
				ADF624431AE5604100F94D51 /* Sources */,
				ADF624441AE5604100F94D51 /* Frameworks */,
				ADF624451AE5604100F94D51 /* Resources */,
			);
			buildRules = (
			);
			dependencies = (
				ADF624491AE5604100F94D51 /* PBXTargetDependency */,
			);
			name = LocateMe_SwiftTests;
			productName = LocateMe_SwiftTests;
			productReference = ADF624471AE5604100F94D51 /* LocateMe_SwiftTests.xctest */;
			productType = "com.apple.product-type.bundle.unit-test";
		};
/* End PBXNativeTarget section */

/* Begin PBXProject section */
		ADF6242A1AE5604100F94D51 /* Project object */ = {
			isa = PBXProject;
			attributes = {
				LastUpgradeCheck = 0630;
				ORGANIZATIONNAME = "Bryan Zhang";
				TargetAttributes = {
					ADF624311AE5604100F94D51 = {
						CreatedOnToolsVersion = 6.3;
					};
					ADF624461AE5604100F94D51 = {
						CreatedOnToolsVersion = 6.3;
						TestTargetID = ADF624311AE5604100F94D51;
					};
				};
			};
			buildConfigurationList = ADF6242D1AE5604100F94D51 /* Build configuration list for PBXProject "LocateMe_Swift" */;
			compatibilityVersion = "Xcode 3.2";
			developmentRegion = English;
			hasScannedForEncodings = 0;
			knownRegions = (
				en,
				Base,
			);
			mainGroup = ADF624291AE5604100F94D51;
			productRefGroup = ADF624331AE5604100F94D51 /* Products */;
			projectDirPath = "";
			projectRoot = "";
			targets = (
				ADF624311AE5604100F94D51 /* LocateMe_Swift */,
				ADF624461AE5604100F94D51 /* LocateMe_SwiftTests */,
			);
		};
/* End PBXProject section */

/* Begin PBXResourcesBuildPhase section */
		ADF624301AE5604100F94D51 /* Resources */ = {
			isa = PBXResourcesBuildPhase;
			buildActionMask = 2147483647;
			files = (
				ADF6243D1AE5604100F94D51 /* Main.storyboard in Resources */,
				ADF624421AE5604100F94D51 /* LaunchScreen.xib in Resources */,
				ADF6243F1AE5604100F94D51 /* Images.xcassets in Resources */,
			);
			runOnlyForDeploymentPostprocessing = 0;
		};
		ADF624451AE5604100F94D51 /* Resources */ = {
			isa = PBXResourcesBuildPhase;
			buildActionMask = 2147483647;
			files = (
			);
			runOnlyForDeploymentPostprocessing = 0;
		};
/* End PBXResourcesBuildPhase section */

/* Begin PBXSourcesBuildPhase section */
		ADF6242E1AE5604100F94D51 /* Sources */ = {
			isa = PBXSourcesBuildPhase;
			buildActionMask = 2147483647;
			files = (
				ADF6243A1AE5604100F94D51 /* ViewController.swift in Sources */,
				ADF624381AE5604100F94D51 /* AppDelegate.swift in Sources */,
			);
			runOnlyForDeploymentPostprocessing = 0;
		};
		ADF624431AE5604100F94D51 /* Sources */ = {
			isa = PBXSourcesBuildPhase;
			buildActionMask = 2147483647;
			files = (
				ADF6244E1AE5604100F94D51 /* LocateMe_SwiftTests.swift in Sources */,
			);
			runOnlyForDeploymentPostprocessing = 0;
		};
/* End PBXSourcesBuildPhase section */

/* Begin PBXTargetDependency section */
		ADF624491AE5604100F94D51 /* PBXTargetDependency */ = {
			isa = PBXTargetDependency;
			target = ADF624311AE5604100F94D51 /* LocateMe_Swift */;
			targetProxy = ADF624481AE5604100F94D51 /* PBXContainerItemProxy */;
		};
/* End PBXTargetDependency section */

/* Begin PBXVariantGroup section */
		ADF6243B1AE5604100F94D51 /* Main.storyboard */ = {
			isa = PBXVariantGroup;
			children = (
				ADF6243C1AE5604100F94D51 /* Base */,
			);
			name = Main.storyboard;
			sourceTree = "<group>";
		};
		ADF624401AE5604100F94D51 /* LaunchScreen.xib */ = {
			isa = PBXVariantGroup;
			children = (
				ADF624411AE5604100F94D51 /* Base */,
			);
			name = LaunchScreen.xib;
			sourceTree = "<group>";
		};
/* End PBXVariantGroup section */

/* Begin XCBuildConfiguration section */
		ADF6244F1AE5604100F94D51 /* Debug */ = {
			isa = XCBuildConfiguration;
			buildSettings = {
				ALWAYS_SEARCH_USER_PATHS = NO;
				CLANG_CXX_LANGUAGE_STANDARD = "gnu++0x";
				CLANG_CXX_LIBRARY = "libc++";
				CLANG_ENABLE_MODULES = YES;
				CLANG_ENABLE_OBJC_ARC = YES;
				CLANG_WARN_BOOL_CONVERSION = YES;
				CLANG_WARN_CONSTANT_CONVERSION = YES;
				CLANG_WARN_DIRECT_OBJC_ISA_USAGE = YES_ERROR;
				CLANG_WARN_EMPTY_BODY = YES;
				CLANG_WARN_ENUM_CONVERSION = YES;
				CLANG_WARN_INT_CONVERSION = YES;
				CLANG_WARN_OBJC_ROOT_CLASS = YES_ERROR;
				CLANG_WARN_UNREACHABLE_CODE = YES;
				CLANG_WARN__DUPLICATE_METHOD_MATCH = YES;
				"CODE_SIGN_IDENTITY[sdk=iphoneos*]" = "iPhone Developer";
				COPY_PHASE_STRIP = NO;
				DEBUG_INFORMATION_FORMAT = "dwarf-with-dsym";
				ENABLE_STRICT_OBJC_MSGSEND = YES;
				GCC_C_LANGUAGE_STANDARD = gnu99;
				GCC_DYNAMIC_NO_PIC = NO;
				GCC_NO_COMMON_BLOCKS = YES;
				GCC_OPTIMIZATION_LEVEL = 0;
				GCC_PREPROCESSOR_DEFINITIONS = (
					"DEBUG=1",
					"$(inherited)",
				);
				GCC_SYMBOLS_PRIVATE_EXTERN = NO;
				GCC_WARN_64_TO_32_BIT_CONVERSION = YES;
				GCC_WARN_ABOUT_RETURN_TYPE = YES_ERROR;
				GCC_WARN_UNDECLARED_SELECTOR = YES;
				GCC_WARN_UNINITIALIZED_AUTOS = YES_AGGRESSIVE;
				GCC_WARN_UNUSED_FUNCTION = YES;
				GCC_WARN_UNUSED_VARIABLE = YES;
				IPHONEOS_DEPLOYMENT_TARGET = 8.3;
				MTL_ENABLE_DEBUG_INFO = YES;
				ONLY_ACTIVE_ARCH = YES;
				SDKROOT = iphoneos;
				SWIFT_OPTIMIZATION_LEVEL = "-Onone";
				TARGETED_DEVICE_FAMILY = "1,2";
			};
			name = Debug;
		};
		ADF624501AE5604100F94D51 /* Release */ = {
			isa = XCBuildConfiguration;
			buildSettings = {
				ALWAYS_SEARCH_USER_PATHS = NO;
				CLANG_CXX_LANGUAGE_STANDARD = "gnu++0x";
				CLANG_CXX_LIBRARY = "libc++";
				CLANG_ENABLE_MODULES = YES;
				CLANG_ENABLE_OBJC_ARC = YES;
				CLANG_WARN_BOOL_CONVERSION = YES;
				CLANG_WARN_CONSTANT_CONVERSION = YES;
				CLANG_WARN_DIRECT_OBJC_ISA_USAGE = YES_ERROR;
				CLANG_WARN_EMPTY_BODY = YES;
				CLANG_WARN_ENUM_CONVERSION = YES;
				CLANG_WARN_INT_CONVERSION = YES;
				CLANG_WARN_OBJC_ROOT_CLASS = YES_ERROR;
				CLANG_WARN_UNREACHABLE_CODE = YES;
				CLANG_WARN__DUPLICATE_METHOD_MATCH = YES;
				"CODE_SIGN_IDENTITY[sdk=iphoneos*]" = "iPhone Developer";
				COPY_PHASE_STRIP = NO;
				DEBUG_INFORMATION_FORMAT = "dwarf-with-dsym";
				ENABLE_NS_ASSERTIONS = NO;
				ENABLE_STRICT_OBJC_MSGSEND = YES;
				GCC_C_LANGUAGE_STANDARD = gnu99;
				GCC_NO_COMMON_BLOCKS = YES;
				GCC_WARN_64_TO_32_BIT_CONVERSION = YES;
				GCC_WARN_ABOUT_RETURN_TYPE = YES_ERROR;
				GCC_WARN_UNDECLARED_SELECTOR = YES;
				GCC_WARN_UNINITIALIZED_AUTOS = YES_AGGRESSIVE;
				GCC_WARN_UNUSED_FUNCTION = YES;
				GCC_WARN_UNUSED_VARIABLE = YES;
				IPHONEOS_DEPLOYMENT_TARGET = 8.3;
				MTL_ENABLE_DEBUG_INFO = NO;
				SDKROOT = iphoneos;
				TARGETED_DEVICE_FAMILY = "1,2";
				VALIDATE_PRODUCT = YES;
			};
			name = Release;
		};
		ADF624521AE5604100F94D51 /* Debug */ = {
			isa = XCBuildConfiguration;
			buildSettings = {
				ASSETCATALOG_COMPILER_APPICON_NAME = AppIcon;
				INFOPLIST_FILE = LocateMe_Swift/Info.plist;
				LD_RUNPATH_SEARCH_PATHS = "$(inherited) @executable_path/Frameworks";
				PRODUCT_NAME = "$(TARGET_NAME)";
			};
			name = Debug;
		};
		ADF624531AE5604100F94D51 /* Release */ = {
			isa = XCBuildConfiguration;
			buildSettings = {
				ASSETCATALOG_COMPILER_APPICON_NAME = AppIcon;
				INFOPLIST_FILE = LocateMe_Swift/Info.plist;
				LD_RUNPATH_SEARCH_PATHS = "$(inherited) @executable_path/Frameworks";
				PRODUCT_NAME = "$(TARGET_NAME)";
			};
			name = Release;
		};
		ADF624551AE5604100F94D51 /* Debug */ = {
			isa = XCBuildConfiguration;
			buildSettings = {
				BUNDLE_LOADER = "$(TEST_HOST)";
				FRAMEWORK_SEARCH_PATHS = (
					"$(SDKROOT)/Developer/Library/Frameworks",
					"$(inherited)",
				);
				GCC_PREPROCESSOR_DEFINITIONS = (
					"DEBUG=1",
					"$(inherited)",
				);
				INFOPLIST_FILE = LocateMe_SwiftTests/Info.plist;
				LD_RUNPATH_SEARCH_PATHS = "$(inherited) @executable_path/Frameworks @loader_path/Frameworks";
				PRODUCT_NAME = "$(TARGET_NAME)";
				TEST_HOST = "$(BUILT_PRODUCTS_DIR)/LocateMe_Swift.app/LocateMe_Swift";
			};
			name = Debug;
		};
		ADF624561AE5604100F94D51 /* Release */ = {
			isa = XCBuildConfiguration;
			buildSettings = {
				BUNDLE_LOADER = "$(TEST_HOST)";
				FRAMEWORK_SEARCH_PATHS = (
					"$(SDKROOT)/Developer/Library/Frameworks",
					"$(inherited)",
				);
				INFOPLIST_FILE = LocateMe_SwiftTests/Info.plist;
				LD_RUNPATH_SEARCH_PATHS = "$(inherited) @executable_path/Frameworks @loader_path/Frameworks";
				PRODUCT_NAME = "$(TARGET_NAME)";
				TEST_HOST = "$(BUILT_PRODUCTS_DIR)/LocateMe_Swift.app/LocateMe_Swift";
			};
			name = Release;
		};
/* End XCBuildConfiguration section */

/* Begin XCConfigurationList section */
		ADF6242D1AE5604100F94D51 /* Build configuration list for PBXProject "LocateMe_Swift" */ = {
			isa = XCConfigurationList;
			buildConfigurations = (
				ADF6244F1AE5604100F94D51 /* Debug */,
				ADF624501AE5604100F94D51 /* Release */,
			);
			defaultConfigurationIsVisible = 0;
			defaultConfigurationName = Release;
		};
		ADF624511AE5604100F94D51 /* Build configuration list for PBXNativeTarget "LocateMe_Swift" */ = {
			isa = XCConfigurationList;
			buildConfigurations = (
				ADF624521AE5604100F94D51 /* Debug */,
				ADF624531AE5604100F94D51 /* Release */,
			);
			defaultConfigurationIsVisible = 0;
		};
		ADF624541AE5604100F94D51 /* Build configuration list for PBXNativeTarget "LocateMe_SwiftTests" */ = {
			isa = XCConfigurationList;
			buildConfigurations = (
				ADF624551AE5604100F94D51 /* Debug */,
				ADF624561AE5604100F94D51 /* Release */,
			);
			defaultConfigurationIsVisible = 0;
		};
/* End XCConfigurationList section */
	};
	rootObject = ADF6242A1AE5604100F94D51 /* Project object */;
}
